Microsoft Visual Studio Solution File, Format Version 12.00
# Visual Studio Version 17
VisualStudioVersion = 17.5.2.0
MinimumVisualStudioVersion = 10.0.40219.1
Project("{2150E333-8FDC-42A3-9474-1A3956D46DE8}") = "tests", "tests", "{0AB3BF05-4346-4AA6-1389-037BE0695223}"
EndProject
Project("{2150E333-8FDC-42A3-9474-1A3956D46DE8}") = "appinsights-instrumentation", "appinsights-instrumentation", "{ACF383C6-5B38-4A54-7773-CC6029374F88}"
EndProject
Project("{2150E333-8FDC-42A3-9474-1A3956D46DE8}") = "resources", "resources", "{66E69BC0-5302-D2DC-C6CF-C9DDB9A11B2B}"
EndProject
Project("{FAE04EC0-301F-11D3-BF4B-00C04F79EFBC}") = "aspnetcore-app", "tests\appinsights-instrumentation\resources\aspnetcore-app\aspnetcore-app.csproj", "{CABCA128-4474-8808-9FCB-383890941946}"
EndProject
Global
	GlobalSection(SolutionConfigurationPlatforms) = preSolution
		Debug|Any CPU = Debug|Any CPU
		Release|Any CPU = Release|Any CPU
	EndGlobalSection
	GlobalSection(ProjectConfigurationPlatforms) = postSolution
		{CABCA128-4474-8808-9FCB-383890941946}.Debug|Any CPU.ActiveCfg = Debug|Any CPU
		{CABCA128-4474-8808-9FCB-383890941946}.Debug|Any CPU.Build.0 = Debug|Any CPU
		{CABCA128-4474-8808-9FCB-383890941946}.Release|Any CPU.ActiveCfg = Release|Any CPU
		{CABCA128-4474-8808-9FCB-383890941946}.Release|Any CPU.Build.0 = Release|Any CPU
	EndGlobalSection
	GlobalSection(SolutionProperties) = preSolution
		HideSolutionNode = FALSE
	EndGlobalSection
	GlobalSection(NestedProjects) = preSolution
		{ACF383C6-5B38-4A54-7773-CC6029374F88} = {0AB3BF05-4346-4AA6-1389-037BE0695223}
		{66E69BC0-5302-D2DC-C6CF-C9DDB9A11B2B} = {ACF383C6-5B38-4A54-7773-CC6029374F88}
		{CABCA128-4474-8808-9FCB-383890941946} = {66E69BC0-5302-D2DC-C6CF-C9DDB9A11B2B}
	EndGlobalSection
	GlobalSection(ExtensibilityGlobals) = postSolution
		SolutionGuid = {87808C75-786A-4B8F-AF11-34ACF739F44A}
	EndGlobalSection
EndGlobal
