Microsoft Visual Studio Solution File, Format Version 12.00
# Visual Studio Version 17
VisualStudioVersion = 17.5.2.0
MinimumVisualStudioVersion = 10.0.40219.1
Project("{2150E333-8FDC-42A3-9474-1A3956D46DE8}") = "tests", "tests", "{0AB3BF05-4346-4AA6-1389-037BE0695223}"
EndProject
Project("{2150E333-8FDC-42A3-9474-1A3956D46DE8}") = "appinsights-instrumentation", "appinsights-instrumentation", "{ACF383C6-5B38-4A54-7773-CC6029374F88}"
EndProject
Project("{2150E333-8FDC-42A3-9474-1A3956D46DE8}") = "resources", "resources", "{66E69BC0-5302-D2DC-C6CF-C9DDB9A11B2B}"
EndProject
Project("{FAE04EC0-301F-11D3-BF4B-00C04F79EFBC}") = "aspnetcore-app", "tests\appinsights-instrumentation\resources\aspnetcore-app\aspnetcore-app.csproj", "{CABCA128-4474-8808-9FCB-383890941946}"
EndProject
Project("{2150E333-8FDC-42A3-9474-1A3956D46DE8}") = "azure-prepare", "azure-prepare", "{A44C729E-0F82-40BC-04DE-9CBB89B4F9EB}"
EndProject
Project("{2150E333-8FDC-42A3-9474-1A3956D46DE8}") = "eval", "eval", "{79540773-9505-E730-EBDE-F703833C4BC5}"
EndProject
Project("{2150E333-8FDC-42A3-9474-1A3956D46DE8}") = "fixtures", "fixtures", "{1F2AA042-BF07-CA97-0662-E6B6BC8CBC3F}"
EndProject
Project("{2150E333-8FDC-42A3-9474-1A3956D46DE8}") = "dotnet-cosmosdb", "dotnet-cosmosdb", "{50619CA1-9D12-3683-C115-3022E34003B1}"
EndProject
Project("{FAE04EC0-301F-11D3-BF4B-00C04F79EFBC}") = "MyFunctions", "tests\azure-prepare\eval\fixtures\dotnet-cosmosdb\MyFunctions.csproj", "{74C8039D-26B2-72B9-DE91-46D23FAD45F6}"
EndProject
Project("{2150E333-8FDC-42A3-9474-1A3956D46DE8}") = "dotnet-http", "dotnet-http", "{5FDD7ED6-3A7A-71F0-7FB3-F520640D44DD}"
EndProject
Project("{FAE04EC0-301F-11D3-BF4B-00C04F79EFBC}") = "MyFunctions", "tests\azure-prepare\eval\fixtures\dotnet-http\MyFunctions.csproj", "{465FB149-DF7E-536B-A0C3-40707ED77907}"
EndProject
Global
	GlobalSection(SolutionConfigurationPlatforms) = preSolution
		Debug|Any CPU = Debug|Any CPU
		Release|Any CPU = Release|Any CPU
	EndGlobalSection
	GlobalSection(ProjectConfigurationPlatforms) = postSolution
		{CABCA128-4474-8808-9FCB-383890941946}.Debug|Any CPU.ActiveCfg = Debug|Any CPU
		{CABCA128-4474-8808-9FCB-383890941946}.Debug|Any CPU.Build.0 = Debug|Any CPU
		{CABCA128-4474-8808-9FCB-383890941946}.Release|Any CPU.ActiveCfg = Release|Any CPU
		{CABCA128-4474-8808-9FCB-383890941946}.Release|Any CPU.Build.0 = Release|Any CPU
		{74C8039D-26B2-72B9-DE91-46D23FAD45F6}.Debug|Any CPU.ActiveCfg = Debug|Any CPU
		{74C8039D-26B2-72B9-DE91-46D23FAD45F6}.Debug|Any CPU.Build.0 = Debug|Any CPU
		{74C8039D-26B2-72B9-DE91-46D23FAD45F6}.Release|Any CPU.ActiveCfg = Release|Any CPU
		{74C8039D-26B2-72B9-DE91-46D23FAD45F6}.Release|Any CPU.Build.0 = Release|Any CPU
		{465FB149-DF7E-536B-A0C3-40707ED77907}.Debug|Any CPU.ActiveCfg = Debug|Any CPU
		{465FB149-DF7E-536B-A0C3-40707ED77907}.Debug|Any CPU.Build.0 = Debug|Any CPU
		{465FB149-DF7E-536B-A0C3-40707ED77907}.Release|Any CPU.ActiveCfg = Release|Any CPU
		{465FB149-DF7E-536B-A0C3-40707ED77907}.Release|Any CPU.Build.0 = Release|Any CPU
	EndGlobalSection
	GlobalSection(SolutionProperties) = preSolution
		HideSolutionNode = FALSE
	EndGlobalSection
	GlobalSection(NestedProjects) = preSolution
		{ACF383C6-5B38-4A54-7773-CC6029374F88} = {0AB3BF05-4346-4AA6-1389-037BE0695223}
		{66E69BC0-5302-D2DC-C6CF-C9DDB9A11B2B} = {ACF383C6-5B38-4A54-7773-CC6029374F88}
		{CABCA128-4474-8808-9FCB-383890941946} = {66E69BC0-5302-D2DC-C6CF-C9DDB9A11B2B}
		{A44C729E-0F82-40BC-04DE-9CBB89B4F9EB} = {0AB3BF05-4346-4AA6-1389-037BE0695223}
		{79540773-9505-E730-EBDE-F703833C4BC5} = {A44C729E-0F82-40BC-04DE-9CBB89B4F9EB}
		{1F2AA042-BF07-CA97-0662-E6B6BC8CBC3F} = {79540773-9505-E730-EBDE-F703833C4BC5}
		{50619CA1-9D12-3683-C115-3022E34003B1} = {1F2AA042-BF07-CA97-0662-E6B6BC8CBC3F}
		{74C8039D-26B2-72B9-DE91-46D23FAD45F6} = {50619CA1-9D12-3683-C115-3022E34003B1}
		{5FDD7ED6-3A7A-71F0-7FB3-F520640D44DD} = {1F2AA042-BF07-CA97-0662-E6B6BC8CBC3F}
		{465FB149-DF7E-536B-A0C3-40707ED77907} = {5FDD7ED6-3A7A-71F0-7FB3-F520640D44DD}
	EndGlobalSection
	GlobalSection(ExtensibilityGlobals) = postSolution
		SolutionGuid = {EE7ED616-6BBA-421A-9ADF-7F8481EBC463}
	EndGlobalSection
EndGlobal
